
Microsoft Visual Studio Solution File, Format Version 11.00
# Visual Studio 2010
Project("{F184B08F-C81C-45F6-A57F-5ABD9991F28F}") = "anhbtpd1502_assignment", "anhbtpd1502_assignment\anhbtpd1502_assignment.vbproj", "{5A6593BA-13D6-40E9-ACC0-5DE55316903B}"
EndProject
Global
	GlobalSection(SolutionConfigurationPlatforms) = preSolution
		Debug|Any CPU = Debug|Any CPU
		Release|Any CPU = Release|Any CPU
	EndGlobalSection
	GlobalSection(ProjectConfigurationPlatforms) = postSolution
		{5A6593BA-13D6-40E9-ACC0-5DE55316903B}.Debug|Any CPU.ActiveCfg = Debug|Any CPU
		{5A6593BA-13D6-40E9-ACC0-5DE55316903B}.Debug|Any CPU.Build.0 = Debug|Any CPU
		{5A6593BA-13D6-40E9-ACC0-5DE55316903B}.Release|Any CPU.ActiveCfg = Release|Any CPU
		{5A6593BA-13D6-40E9-ACC0-5DE55316903B}.Release|Any CPU.Build.0 = Release|Any CPU
	EndGlobalSection
	GlobalSection(SolutionProperties) = preSolution
		HideSolutionNode = FALSE
	EndGlobalSection
EndGlobal
